
Microsoft Visual Studio Solution File, Format Version 12.00
# Visual Studio Version 17
VisualStudioVersion = 17.10.35122.118
MinimumVisualStudioVersion = 10.0.40219.1
Project("{FAE04EC0-301F-11D3-BF4B-00C04F79EFBC}") = "tinhgiaithua", "tinhgiaithua.csproj", "{B8EA5606-339B-4C0A-9C03-6CEDE45F9C19}"
EndProject
Global
	GlobalSection(SolutionConfigurationPlatforms) = preSolution
		Debug|Any CPU = Debug|Any CPU
		Release|Any CPU = Release|Any CPU
	EndGlobalSection
	GlobalSection(ProjectConfigurationPlatforms) = postSolution
		{B8EA5606-339B-4C0A-9C03-6CEDE45F9C19}.Debug|Any CPU.ActiveCfg = Debug|Any CPU
		{B8EA5606-339B-4C0A-9C03-6CEDE45F9C19}.Debug|Any CPU.Build.0 = Debug|Any CPU
		{B8EA5606-339B-4C0A-9C03-6CEDE45F9C19}.Release|Any CPU.ActiveCfg = Release|Any CPU
		{B8EA5606-339B-4C0A-9C03-6CEDE45F9C19}.Release|Any CPU.Build.0 = Release|Any CPU
	EndGlobalSection
	GlobalSection(SolutionProperties) = preSolution
		HideSolutionNode = FALSE
	EndGlobalSection
	GlobalSection(ExtensibilityGlobals) = postSolution
		SolutionGuid = {3E0B80BE-CE73-4B28-90BE-2B6036401C0A}
	EndGlobalSection
EndGlobal
